Microsoft Visual Studio Solution File, Format Version 11.00
# Visual Studio 2008

Project("{E102F163-EBDF-E64C-85C0-5F1E71EEA716}") = "Tale of Gods", "Assembly-CSharp-firstpass-vs.csproj", "{F4C5FE5E-19B2-3A24-6457-33F50D20BBA7}"
EndProject
Project("{E102F163-EBDF-E64C-85C0-5F1E71EEA716}") = "Tale of Gods", "Assembly-CSharp-vs.csproj", "{5A99965F-C778-7C2B-6256-BB2C443ED94E}"
EndProject
Project("{E102F163-EBDF-E64C-85C0-5F1E71EEA716}") = "Tale of Gods", "Assembly-CSharp-Editor-vs.csproj", "{E17BDC5A-07A2-7A73-B296-3E60549D185E}"
EndProject
Global
	GlobalSection(SolutionConfigurationPlatforms) = preSolution
		Debug|Any CPU = Debug|Any CPU
		Release|Any CPU = Release|Any CPU
	EndGlobalSection
	GlobalSection(ProjectConfigurationPlatforms) = postSolution
		{F4C5FE5E-19B2-3A24-6457-33F50D20BBA7}.Debug|Any CPU.ActiveCfg = Debug|Any CPU
		{F4C5FE5E-19B2-3A24-6457-33F50D20BBA7}.Debug|Any CPU.Build.0 = Debug|Any CPU
		{F4C5FE5E-19B2-3A24-6457-33F50D20BBA7}.Release|Any CPU.ActiveCfg = Release|Any CPU
		{F4C5FE5E-19B2-3A24-6457-33F50D20BBA7}.Release|Any CPU.Build.0 = Release|Any CPU
		{5A99965F-C778-7C2B-6256-BB2C443ED94E}.Debug|Any CPU.ActiveCfg = Debug|Any CPU
		{5A99965F-C778-7C2B-6256-BB2C443ED94E}.Debug|Any CPU.Build.0 = Debug|Any CPU
		{5A99965F-C778-7C2B-6256-BB2C443ED94E}.Release|Any CPU.ActiveCfg = Release|Any CPU
		{5A99965F-C778-7C2B-6256-BB2C443ED94E}.Release|Any CPU.Build.0 = Release|Any CPU
		{E17BDC5A-07A2-7A73-B296-3E60549D185E}.Debug|Any CPU.ActiveCfg = Debug|Any CPU
		{E17BDC5A-07A2-7A73-B296-3E60549D185E}.Debug|Any CPU.Build.0 = Debug|Any CPU
		{E17BDC5A-07A2-7A73-B296-3E60549D185E}.Release|Any CPU.ActiveCfg = Release|Any CPU
		{E17BDC5A-07A2-7A73-B296-3E60549D185E}.Release|Any CPU.Build.0 = Release|Any CPU
	EndGlobalSection
	GlobalSection(SolutionProperties) = preSolution
		HideSolutionNode = FALSE
	EndGlobalSection
																																	GlobalSection(MonoDevelopProperties) = preSolution
		StartupItem = Assembly-CSharp.csproj
		Policies = $0
		$0.TextStylePolicy = $1
		$1.inheritsSet = null
		$1.scope = text/x-csharp
		$0.CSharpFormattingPolicy = $2
		$2.inheritsSet = Mono
		$2.inheritsScope = text/x-csharp
		$2.scope = text/x-csharp
		$0.TextStylePolicy = $3
		$3.FileWidth = 120
		$3.TabWidth = 4
		$3.EolMarker = Unix
		$3.inheritsSet = Mono
		$3.inheritsScope = text/plain
		$3.scope = text/plain
	EndGlobalSection

EndGlobal
